
Microsoft Visual Studio Solution File, Format Version 12.00
# Visual Studio Version 16
VisualStudioVersion = 16.0.31402.337
MinimumVisualStudioVersion = 10.0.40219.1
Project("{FAE04EC0-301F-11D3-BF4B-00C04F79EFBC}") = "MusicPlace", "MusicPlace\MusicPlace.csproj", "{82A9C9AB-FE9E-4A2D-B325-199D80209E8A}"
EndProject
Global
	GlobalSection(SolutionConfigurationPlatforms) = preSolution
		Debug|Any CPU = Debug|Any CPU
		Release|Any CPU = Release|Any CPU
	EndGlobalSection
	GlobalSection(ProjectConfigurationPlatforms) = postSolution
		{82A9C9AB-FE9E-4A2D-B325-199D80209E8A}.Debug|Any CPU.ActiveCfg = Debug|Any CPU
		{82A9C9AB-FE9E-4A2D-B325-199D80209E8A}.Debug|Any CPU.Build.0 = Debug|Any CPU
		{82A9C9AB-FE9E-4A2D-B325-199D80209E8A}.Release|Any CPU.ActiveCfg = Release|Any CPU
		{82A9C9AB-FE9E-4A2D-B325-199D80209E8A}.Release|Any CPU.Build.0 = Release|Any CPU
	EndGlobalSection
	GlobalSection(SolutionProperties) = preSolution
		HideSolutionNode = FALSE
	EndGlobalSection
	GlobalSection(ExtensibilityGlobals) = postSolution
		SolutionGuid = {C7F2F808-895B-4B70-8586-124FA02F726B}
	EndGlobalSection
EndGlobal
